// !$*UTF8*$!
{
	archiveVersion = 1;
	classes = {
	};
	objectVersion = 46;
	objects = {

/* Begin PBXBuildFile section */
		B163133F193459E500C989C2 /* Foundation.framework in Frameworks */ = {isa = PBXBuildFile; fileRef = B163133E193459E500C989C2 /* Foundation.framework */; };
		B1631344193459E500C989C2 /* TestFramework.h in CopyFiles */ = {isa = PBXBuildFile; fileRef = B1631343193459E500C989C2 /* TestFramework.h */; };
		B1631346193459E500C989C2 /* TestFramework.m in Sources */ = {isa = PBXBuildFile; fileRef = B1631345193459E500C989C2 /* TestFramework.m */; };
		B163134D193459E500C989C2 /* XCTest.framework in Frameworks */ = {isa = PBXBuildFile; fileRef = B163134C193459E500C989C2 /* XCTest.framework */; };
		B163134E193459E500C989C2 /* Foundation.framework in Frameworks */ = {isa = PBXBuildFile; fileRef = B163133E193459E500C989C2 /* Foundation.framework */; };
		B1631350193459E500C989C2 /* UIKit.framework in Frameworks */ = {isa = PBXBuildFile; fileRef = B163134F193459E500C989C2 /* UIKit.framework */; };
		B1631353193459E500C989C2 /* libTestFramework.a in Frameworks */ = {isa = PBXBuildFile; fileRef = B163133B193459E500C989C2 /* libTestFramework.a */; };
		B1631359193459E500C989C2 /* InfoPlist.strings in Resources */ = {isa = PBXBuildFile; fileRef = B1631357193459E500C989C2 /* InfoPlist.strings */; };
		B163135B193459E500C989C2 /* TestFrameworkTests.m in Sources */ = {isa = PBXBuildFile; fileRef = B163135A193459E500C989C2 /* TestFrameworkTests.m */; };
/* End PBXBuildFile section */

/* Begin PBXContainerItemProxy section */
		B1631351193459E500C989C2 /* PBXContainerItemProxy */ = {
			isa = PBXContainerItemProxy;
			containerPortal = B1631333193459E500C989C2 /* Project object */;
			proxyType = 1;
			remoteGlobalIDString = B163133A193459E500C989C2;
			remoteInfo = TestFramework;
		};
/* End PBXContainerItemProxy section */

/* Begin PBXCopyFilesBuildPhase section */
		B1631339193459E500C989C2 /* CopyFiles */ = {
			isa = PBXCopyFilesBuildPhase;
			buildActionMask = 2147483647;
			dstPath = "include/$(PRODUCT_NAME)";
			dstSubfolderSpec = 16;
			files = (
				B1631344193459E500C989C2 /* TestFramework.h in CopyFiles */,
			);
			runOnlyForDeploymentPostprocessing = 0;
		};
/* End PBXCopyFilesBuildPhase section */

/* Begin PBXFileReference section */
		B163133B193459E500C989C2 /* libTestFramework.a */ = {isa = PBXFileReference; explicitFileType = archive.ar; includeInIndex = 0; path = libTestFramework.a; sourceTree = BUILT_PRODUCTS_DIR; };
		B163133E193459E500C989C2 /* Foundation.framework */ = {isa = PBXFileReference; lastKnownFileType = wrapper.framework; name = Foundation.framework; path = System/Library/Frameworks/Foundation.framework; sourceTree = SDKROOT; };
		B1631342193459E500C989C2 /* TestFramework-Prefix.pch */ = {isa = PBXFileReference; lastKnownFileType = sourcecode.c.h; path = "TestFramework-Prefix.pch"; sourceTree = "<group>"; };
		B1631343193459E500C989C2 /* TestFramework.h */ = {isa = PBXFileReference; lastKnownFileType = sourcecode.c.h; path = TestFramework.h; sourceTree = "<group>"; };
		B1631345193459E500C989C2 /* TestFramework.m */ = {isa = PBXFileReference; lastKnownFileType = sourcecode.c.objc; path = TestFramework.m; sourceTree = "<group>"; };
		B163134B193459E500C989C2 /* TestFrameworkTests.xctest */ = {isa = PBXFileReference; explicitFileType = wrapper.cfbundle; includeInIndex = 0; path = TestFrameworkTests.xctest; sourceTree = BUILT_PRODUCTS_DIR; };
		B163134C193459E500C989C2 /* XCTest.framework */ = {isa = PBXFileReference; lastKnownFileType = wrapper.framework; name = XCTest.framework; path = Library/Frameworks/XCTest.framework; sourceTree = DEVELOPER_DIR; };
		B163134F193459E500C989C2 /* UIKit.framework */ = {isa = PBXFileReference; lastKnownFileType = wrapper.framework; name = UIKit.framework; path = Library/Frameworks/UIKit.framework; sourceTree = DEVELOPER_DIR; };
		B1631356193459E500C989C2 /* TestFrameworkTests-Info.plist */ = {isa = PBXFileReference; lastKnownFileType = text.plist.xml; path = "TestFrameworkTests-Info.plist"; sourceTree = "<group>"; };
		B1631358193459E500C989C2 /* en */ = {isa = PBXFileReference; lastKnownFileType = text.plist.strings; name = en; path = en.lproj/InfoPlist.strings; sourceTree = "<group>"; };
		B163135A193459E500C989C2 /* TestFrameworkTests.m */ = {isa = PBXFileReference; lastKnownFileType = sourcecode.c.objc; path = TestFrameworkTests.m; sourceTree = "<group>"; };
/* End PBXFileReference section */

/* Begin PBXFrameworksBuildPhase section */
		B1631338193459E500C989C2 /* Frameworks */ = {
			isa = PBXFrameworksBuildPhase;
			buildActionMask = 2147483647;
			files = (
				B163133F193459E500C989C2 /* Foundation.framework in Frameworks */,
			);
			runOnlyForDeploymentPostprocessing = 0;
		};
		B1631348193459E500C989C2 /* Frameworks */ = {
			isa = PBXFrameworksBuildPhase;
			buildActionMask = 2147483647;
			files = (
				B163134D193459E500C989C2 /* XCTest.framework in Frameworks */,
				B1631350193459E500C989C2 /* UIKit.framework in Frameworks */,
				B1631353193459E500C989C2 /* libTestFramework.a in Frameworks */,
				B163134E193459E500C989C2 /* Foundation.framework in Frameworks */,
			);
			runOnlyForDeploymentPostprocessing = 0;
		};
/* End PBXFrameworksBuildPhase section */

/* Begin PBXGroup section */
		B1631332193459E500C989C2 = {
			isa = PBXGroup;
			children = (
				B1631340193459E500C989C2 /* TestFramework */,
				B1631354193459E500C989C2 /* TestFrameworkTests */,
				B163133D193459E500C989C2 /* Frameworks */,
				B163133C193459E500C989C2 /* Products */,
			);
			sourceTree = "<group>";
		};
		B163133C193459E500C989C2 /* Products */ = {
			isa = PBXGroup;
			children = (
				B163133B193459E500C989C2 /* libTestFramework.a */,
				B163134B193459E500C989C2 /* TestFrameworkTests.xctest */,
			);
			name = Products;
			sourceTree = "<group>";
		};
		B163133D193459E500C989C2 /* Frameworks */ = {
			isa = PBXGroup;
			children = (
				B163133E193459E500C989C2 /* Foundation.framework */,
				B163134C193459E500C989C2 /* XCTest.framework */,
				B163134F193459E500C989C2 /* UIKit.framework */,
			);
			name = Frameworks;
			sourceTree = "<group>";
		};
		B1631340193459E500C989C2 /* TestFramework */ = {
			isa = PBXGroup;
			children = (
				B1631343193459E500C989C2 /* TestFramework.h */,
				B1631345193459E500C989C2 /* TestFramework.m */,
				B1631341193459E500C989C2 /* Supporting Files */,
			);
			path = TestFramework;
			sourceTree = "<group>";
		};
		B1631341193459E500C989C2 /* Supporting Files */ = {
			isa = PBXGroup;
			children = (
				B1631342193459E500C989C2 /* TestFramework-Prefix.pch */,
			);
			name = "Supporting Files";
			sourceTree = "<group>";
		};
		B1631354193459E500C989C2 /* TestFrameworkTests */ = {
			isa = PBXGroup;
			children = (
				B163135A193459E500C989C2 /* TestFrameworkTests.m */,
				B1631355193459E500C989C2 /* Supporting Files */,
			);
			path = TestFrameworkTests;
			sourceTree = "<group>";
		};
		B1631355193459E500C989C2 /* Supporting Files */ = {
			isa = PBXGroup;
			children = (
				B1631356193459E500C989C2 /* TestFrameworkTests-Info.plist */,
				B1631357193459E500C989C2 /* InfoPlist.strings */,
			);
			name = "Supporting Files";
			sourceTree = "<group>";
		};
/* End PBXGroup section */

/* Begin PBXNativeTarget section */
		B163133A193459E500C989C2 /* TestFramework */ = {
			isa = PBXNativeTarget;
			buildConfigurationList = B163135E193459E500C989C2 /* Build configuration list for PBXNativeTarget "TestFramework" */;
			buildPhases = (
				B1631337193459E500C989C2 /* Sources */,
				B1631338193459E500C989C2 /* Frameworks */,
				B1631339193459E500C989C2 /* CopyFiles */,
			);
			buildRules = (
			);
			dependencies = (
			);
			name = TestFramework;
			productName = TestFramework;
			productReference = B163133B193459E500C989C2 /* libTestFramework.a */;
			productType = "com.apple.product-type.library.static";
		};
		B163134A193459E500C989C2 /* TestFrameworkTests */ = {
			isa = PBXNativeTarget;
			buildConfigurationList = B1631361193459E500C989C2 /* Build configuration list for PBXNativeTarget "TestFrameworkTests" */;
			buildPhases = (
				B1631347193459E500C989C2 /* Sources */,
				B1631348193459E500C989C2 /* Frameworks */,
				B1631349193459E500C989C2 /* Resources */,
			);
			buildRules = (
			);
			dependencies = (
				B1631352193459E500C989C2 /* PBXTargetDependency */,
			);
			name = TestFrameworkTests;
			productName = TestFrameworkTests;
			productReference = B163134B193459E500C989C2 /* TestFrameworkTests.xctest */;
			productType = "com.apple.product-type.bundle.unit-test";
		};
/* End PBXNativeTarget section */

/* Begin PBXProject section */
		B1631333193459E500C989C2 /* Project object */ = {
			isa = PBXProject;
			attributes = {
				LastUpgradeCheck = 0510;
				ORGANIZATIONNAME = Cuelogic;
			};
			buildConfigurationList = B1631336193459E500C989C2 /* Build configuration list for PBXProject "TestFramework" */;
			compatibilityVersion = "Xcode 3.2";
			developmentRegion = English;
			hasScannedForEncodings = 0;
			knownRegions = (
				en,
			);
			mainGroup = B1631332193459E500C989C2;
			productRefGroup = B163133C193459E500C989C2 /* Products */;
			projectDirPath = "";
			projectRoot = "";
			targets = (
				B163133A193459E500C989C2 /* TestFramework */,
				B163134A193459E500C989C2 /* TestFrameworkTests */,
			);
		};
/* End PBXProject section */

/* Begin PBXResourcesBuildPhase section */
		B1631349193459E500C989C2 /* Resources */ = {
			isa = PBXResourcesBuildPhase;
			buildActionMask = 2147483647;
			files = (
				B1631359193459E500C989C2 /* InfoPlist.strings in Resources */,
			);
			runOnlyForDeploymentPostprocessing = 0;
		};
/* End PBXResourcesBuildPhase section */

/* Begin PBXSourcesBuildPhase section */
		B1631337193459E500C989C2 /* Sources */ = {
			isa = PBXSourcesBuildPhase;
			buildActionMask = 2147483647;
			files = (
				B1631346193459E500C989C2 /* TestFramework.m in Sources */,
			);
			runOnlyForDeploymentPostprocessing = 0;
		};
		B1631347193459E500C989C2 /* Sources */ = {
			isa = PBXSourcesBuildPhase;
			buildActionMask = 2147483647;
			files = (
				B163135B193459E500C989C2 /* TestFrameworkTests.m in Sources */,
			);
			runOnlyForDeploymentPostprocessing = 0;
		};
/* End PBXSourcesBuildPhase section */

/* Begin PBXTargetDependency section */
		B1631352193459E500C989C2 /* PBXTargetDependency */ = {
			isa = PBXTargetDependency;
			target = B163133A193459E500C989C2 /* TestFramework */;
			targetProxy = B1631351193459E500C989C2 /* PBXContainerItemProxy */;
		};
/* End PBXTargetDependency section */

/* Begin PBXVariantGroup section */
		B1631357193459E500C989C2 /* InfoPlist.strings */ = {
			isa = PBXVariantGroup;
			children = (
				B1631358193459E500C989C2 /* en */,
			);
			name = InfoPlist.strings;
			sourceTree = "<group>";
		};
/* End PBXVariantGroup section */

/* Begin XCBuildConfiguration section */
		B163135C193459E500C989C2 /* Debug */ = {
			isa = XCBuildConfiguration;
			buildSettings = {
				ALWAYS_SEARCH_USER_PATHS = NO;
				CLANG_CXX_LANGUAGE_STANDARD = "gnu++0x";
				CLANG_CXX_LIBRARY = "libc++";
				CLANG_ENABLE_MODULES = YES;
				CLANG_ENABLE_OBJC_ARC = YES;
				CLANG_WARN_BOOL_CONVERSION = YES;
				CLANG_WARN_CONSTANT_CONVERSION = YES;
				CLANG_WARN_DIRECT_OBJC_ISA_USAGE = YES_ERROR;
				CLANG_WARN_EMPTY_BODY = YES;
				CLANG_WARN_ENUM_CONVERSION = YES;
				CLANG_WARN_INT_CONVERSION = YES;
				CLANG_WARN_OBJC_ROOT_CLASS = YES_ERROR;
				CLANG_WARN__DUPLICATE_METHOD_MATCH = YES;
				COPY_PHASE_STRIP = NO;
				GCC_C_LANGUAGE_STANDARD = gnu99;
				GCC_DYNAMIC_NO_PIC = NO;
				GCC_OPTIMIZATION_LEVEL = 0;
				GCC_PREPROCESSOR_DEFINITIONS = (
					"DEBUG=1",
					"$(inherited)",
				);
				GCC_SYMBOLS_PRIVATE_EXTERN = NO;
				GCC_WARN_64_TO_32_BIT_CONVERSION = YES;
				GCC_WARN_ABOUT_RETURN_TYPE = YES_ERROR;
				GCC_WARN_UNDECLARED_SELECTOR = YES;
				GCC_WARN_UNINITIALIZED_AUTOS = YES_AGGRESSIVE;
				GCC_WARN_UNUSED_FUNCTION = YES;
				GCC_WARN_UNUSED_VARIABLE = YES;
				IPHONEOS_DEPLOYMENT_TARGET = 7.1;
				ONLY_ACTIVE_ARCH = YES;
				SDKROOT = iphoneos;
			};
			name = Debug;
		};
		B163135D193459E500C989C2 /* Release */ = {
			isa = XCBuildConfiguration;
			buildSettings = {
				ALWAYS_SEARCH_USER_PATHS = NO;
				CLANG_CXX_LANGUAGE_STANDARD = "gnu++0x";
				CLANG_CXX_LIBRARY = "libc++";
				CLANG_ENABLE_MODULES = YES;
				CLANG_ENABLE_OBJC_ARC = YES;
				CLANG_WARN_BOOL_CONVERSION = YES;
				CLANG_WARN_CONSTANT_CONVERSION = YES;
				CLANG_WARN_DIRECT_OBJC_ISA_USAGE = YES_ERROR;
				CLANG_WARN_EMPTY_BODY = YES;
				CLANG_WARN_ENUM_CONVERSION = YES;
				CLANG_WARN_INT_CONVERSION = YES;
				CLANG_WARN_OBJC_ROOT_CLASS = YES_ERROR;
				CLANG_WARN__DUPLICATE_METHOD_MATCH = YES;
				COPY_PHASE_STRIP = YES;
				ENABLE_NS_ASSERTIONS = NO;
				GCC_C_LANGUAGE_STANDARD = gnu99;
				GCC_WARN_64_TO_32_BIT_CONVERSION = YES;
				GCC_WARN_ABOUT_RETURN_TYPE = YES_ERROR;
				GCC_WARN_UNDECLARED_SELECTOR = YES;
				GCC_WARN_UNINITIALIZED_AUTOS = YES_AGGRESSIVE;
				GCC_WARN_UNUSED_FUNCTION = YES;
				GCC_WARN_UNUSED_VARIABLE = YES;
				IPHONEOS_DEPLOYMENT_TARGET = 7.1;
				SDKROOT = iphoneos;
				VALIDATE_PRODUCT = YES;
			};
			name = Release;
		};
		B163135F193459E500C989C2 /* Debug */ = {
			isa = XCBuildConfiguration;
			buildSettings = {
				DSTROOT = /tmp/TestFramework.dst;
				GCC_PRECOMPILE_PREFIX_HEADER = YES;
				GCC_PREFIX_HEADER = "TestFramework/TestFramework-Prefix.pch";
				OTHER_LDFLAGS = "-ObjC";
				PRODUCT_NAME = "$(TARGET_NAME)";
				SKIP_INSTALL = YES;
			};
			name = Debug;
		};
		B1631360193459E500C989C2 /* Release */ = {
			isa = XCBuildConfiguration;
			buildSettings = {
				DSTROOT = /tmp/TestFramework.dst;
				GCC_PRECOMPILE_PREFIX_HEADER = YES;
				GCC_PREFIX_HEADER = "TestFramework/TestFramework-Prefix.pch";
				OTHER_LDFLAGS = "-ObjC";
				PRODUCT_NAME = "$(TARGET_NAME)";
				SKIP_INSTALL = YES;
			};
			name = Release;
		};
		B1631362193459E500C989C2 /* Debug */ = {
			isa = XCBuildConfiguration;
			buildSettings = {
				FRAMEWORK_SEARCH_PATHS = (
					"$(SDKROOT)/Developer/Library/Frameworks",
					"$(inherited)",
					"$(DEVELOPER_FRAMEWORKS_DIR)",
				);
				GCC_PRECOMPILE_PREFIX_HEADER = YES;
				GCC_PREFIX_HEADER = "TestFramework/TestFramework-Prefix.pch";
				GCC_PREPROCESSOR_DEFINITIONS = (
					"DEBUG=1",
					"$(inherited)",
				);
				INFOPLIST_FILE = "TestFrameworkTests/TestFrameworkTests-Info.plist";
				PRODUCT_NAME = "$(TARGET_NAME)";
				WRAPPER_EXTENSION = xctest;
			};
			name = Debug;
		};
		B1631363193459E500C989C2 /* Release */ = {
			isa = XCBuildConfiguration;
			buildSettings = {
				FRAMEWORK_SEARCH_PATHS = (
					"$(SDKROOT)/Developer/Library/Frameworks",
					"$(inherited)",
					"$(DEVELOPER_FRAMEWORKS_DIR)",
				);
				GCC_PRECOMPILE_PREFIX_HEADER = YES;
				GCC_PREFIX_HEADER = "TestFramework/TestFramework-Prefix.pch";
				INFOPLIST_FILE = "TestFrameworkTests/TestFrameworkTests-Info.plist";
				PRODUCT_NAME = "$(TARGET_NAME)";
				WRAPPER_EXTENSION = xctest;
			};
			name = Release;
		};
/* End XCBuildConfiguration section */

/* Begin XCConfigurationList section */
		B1631336193459E500C989C2 /* Build configuration list for PBXProject "TestFramework" */ = {
			isa = XCConfigurationList;
			buildConfigurations = (
				B163135C193459E500C989C2 /* Debug */,
				B163135D193459E500C989C2 /* Release */,
			);
			defaultConfigurationIsVisible = 0;
			defaultConfigurationName = Release;
		};
		B163135E193459E500C989C2 /* Build configuration list for PBXNativeTarget "TestFramework" */ = {
			isa = XCConfigurationList;
			buildConfigurations = (
				B163135F193459E500C989C2 /* Debug */,
				B1631360193459E500C989C2 /* Release */,
			);
			defaultConfigurationIsVisible = 0;
		};
		B1631361193459E500C989C2 /* Build configuration list for PBXNativeTarget "TestFrameworkTests" */ = {
			isa = XCConfigurationList;
			buildConfigurations = (
				B1631362193459E500C989C2 /* Debug */,
				B1631363193459E500C989C2 /* Release */,
			);
			defaultConfigurationIsVisible = 0;
		};
/* End XCConfigurationList section */
	};
	rootObject = B1631333193459E500C989C2 /* Project object */;
}
